
Microsoft Visual Studio Solution File, Format Version 12.00
# Visual Studio Version 17
VisualStudioVersion = 17.9.34728.123
MinimumVisualStudioVersion = 10.0.40219.1
Project("{FAE04EC0-301F-11D3-BF4B-00C04F79EFBC}") = "İlaç Takip Sistemi", "İlaç Takip Sistemi\İlaç Takip Sistemi.csproj", "{A6BEE00C-CD35-4382-A883-2BACB21DEB8F}"
EndProject
Global
	GlobalSection(SolutionConfigurationPlatforms) = preSolution
		Debug|Any CPU = Debug|Any CPU
		Release|Any CPU = Release|Any CPU
	EndGlobalSection
	GlobalSection(ProjectConfigurationPlatforms) = postSolution
		{A6BEE00C-CD35-4382-A883-2BACB21DEB8F}.Debug|Any CPU.ActiveCfg = Debug|Any CPU
		{A6BEE00C-CD35-4382-A883-2BACB21DEB8F}.Debug|Any CPU.Build.0 = Debug|Any CPU
		{A6BEE00C-CD35-4382-A883-2BACB21DEB8F}.Release|Any CPU.ActiveCfg = Release|Any CPU
		{A6BEE00C-CD35-4382-A883-2BACB21DEB8F}.Release|Any CPU.Build.0 = Release|Any CPU
	EndGlobalSection
	GlobalSection(SolutionProperties) = preSolution
		HideSolutionNode = FALSE
	EndGlobalSection
	GlobalSection(ExtensibilityGlobals) = postSolution
		SolutionGuid = {FACDF65A-C1DA-4846-958B-CE13449DACE9}
	EndGlobalSection
EndGlobal
